
Microsoft Visual Studio Solution File, Format Version 12.00
Project("{FAE04EC0-301F-11D3-BF4B-00C04F79EFBC}") = "Client", "Client\Client.csproj", "{39D1F5FE-C89A-4C26-BC5E-D65626AC5A3F}"
EndProject
Project("{FAE04EC0-301F-11D3-BF4B-00C04F79EFBC}") = "IdentityServer", "IdentityServer\IdentityServer.csproj", "{0A173883-EEBB-4443-A5B7-B8C895ACED9B}"
EndProject
Project("{FAE04EC0-301F-11D3-BF4B-00C04F79EFBC}") = "WebClient", "WebClient\WebClient.csproj", "{A0B680A6-A1A8-4A07-B669-6F243B1EE8CD}"
EndProject
Project("{FAE04EC0-301F-11D3-BF4B-00C04F79EFBC}") = "WebApplication1", "WebApplication1\WebApplication1.csproj", "{07BB50A5-717A-41DD-9D04-5D30F5D5E749}"
EndProject
Project("{2150E333-8FDC-42A3-9474-1A3956D46DE8}") = "Server", "Server", "{D2A0B53C-3FD4-4BC5-8313-C8C286B69D87}"
	ProjectSection(SolutionItems) = preProject
		..\..\auth\oauth-in-action-code\exercises\ch-3-ex-1\authorizationServer.js = ..\..\auth\oauth-in-action-code\exercises\ch-3-ex-1\authorizationServer.js
		..\..\auth\oauth-in-action-code\exercises\ch-3-ex-1\protectedResource.js = ..\..\auth\oauth-in-action-code\exercises\ch-3-ex-1\protectedResource.js
	EndProjectSection
EndProject
Global
	GlobalSection(SolutionConfigurationPlatforms) = preSolution
		Debug|Any CPU = Debug|Any CPU
		Release|Any CPU = Release|Any CPU
	EndGlobalSection
	GlobalSection(ProjectConfigurationPlatforms) = postSolution
		{39D1F5FE-C89A-4C26-BC5E-D65626AC5A3F}.Debug|Any CPU.ActiveCfg = Debug|Any CPU
		{39D1F5FE-C89A-4C26-BC5E-D65626AC5A3F}.Debug|Any CPU.Build.0 = Debug|Any CPU
		{39D1F5FE-C89A-4C26-BC5E-D65626AC5A3F}.Release|Any CPU.ActiveCfg = Release|Any CPU
		{39D1F5FE-C89A-4C26-BC5E-D65626AC5A3F}.Release|Any CPU.Build.0 = Release|Any CPU
		{0A173883-EEBB-4443-A5B7-B8C895ACED9B}.Debug|Any CPU.ActiveCfg = Debug|Any CPU
		{0A173883-EEBB-4443-A5B7-B8C895ACED9B}.Debug|Any CPU.Build.0 = Debug|Any CPU
		{0A173883-EEBB-4443-A5B7-B8C895ACED9B}.Release|Any CPU.ActiveCfg = Release|Any CPU
		{0A173883-EEBB-4443-A5B7-B8C895ACED9B}.Release|Any CPU.Build.0 = Release|Any CPU
		{A0B680A6-A1A8-4A07-B669-6F243B1EE8CD}.Debug|Any CPU.ActiveCfg = Debug|Any CPU
		{A0B680A6-A1A8-4A07-B669-6F243B1EE8CD}.Debug|Any CPU.Build.0 = Debug|Any CPU
		{A0B680A6-A1A8-4A07-B669-6F243B1EE8CD}.Release|Any CPU.ActiveCfg = Release|Any CPU
		{A0B680A6-A1A8-4A07-B669-6F243B1EE8CD}.Release|Any CPU.Build.0 = Release|Any CPU
		{07BB50A5-717A-41DD-9D04-5D30F5D5E749}.Debug|Any CPU.ActiveCfg = Debug|Any CPU
		{07BB50A5-717A-41DD-9D04-5D30F5D5E749}.Debug|Any CPU.Build.0 = Debug|Any CPU
		{07BB50A5-717A-41DD-9D04-5D30F5D5E749}.Release|Any CPU.ActiveCfg = Release|Any CPU
		{07BB50A5-717A-41DD-9D04-5D30F5D5E749}.Release|Any CPU.Build.0 = Release|Any CPU
	EndGlobalSection
EndGlobal
